
Microsoft Visual Studio Solution File, Format Version 12.00
# Visual Studio Version 17
VisualStudioVersion = 17.4.33122.133
MinimumVisualStudioVersion = 10.0.40219.1
Project("{FAE04EC0-301F-11D3-BF4B-00C04F79EFBC}") = "Suleymanov_lab2", "Suleymanov_lab2\Suleymanov_lab2.csproj", "{0CA30D02-D5D2-4C5C-8D43-1FF84D1F7B28}"
EndProject
Global
	GlobalSection(SolutionConfigurationPlatforms) = preSolution
		Debug|Any CPU = Debug|Any CPU
		Release|Any CPU = Release|Any CPU
	EndGlobalSection
	GlobalSection(ProjectConfigurationPlatforms) = postSolution
		{0CA30D02-D5D2-4C5C-8D43-1FF84D1F7B28}.Debug|Any CPU.ActiveCfg = Debug|Any CPU
		{0CA30D02-D5D2-4C5C-8D43-1FF84D1F7B28}.Debug|Any CPU.Build.0 = Debug|Any CPU
		{0CA30D02-D5D2-4C5C-8D43-1FF84D1F7B28}.Release|Any CPU.ActiveCfg = Release|Any CPU
		{0CA30D02-D5D2-4C5C-8D43-1FF84D1F7B28}.Release|Any CPU.Build.0 = Release|Any CPU
	EndGlobalSection
	GlobalSection(SolutionProperties) = preSolution
		HideSolutionNode = FALSE
	EndGlobalSection
	GlobalSection(ExtensibilityGlobals) = postSolution
		SolutionGuid = {0CC76441-42F4-4429-9716-1B4512EDE2E5}
	EndGlobalSection
EndGlobal
